
Microsoft Visual Studio Solution File, Format Version 12.00
# Visual Studio Version 16
VisualStudioVersion = 16.0.32929.386
MinimumVisualStudioVersion = 10.0.40219.1
Project("{FAE04EC0-301F-11D3-BF4B-00C04F79EFBC}") = "HW", "HW\HW.csproj", "{37F35A59-8D03-4B2C-BD3F-C14195864182}"
EndProject
Project("{FAE04EC0-301F-11D3-BF4B-00C04F79EFBC}") = "HWTests", "HWTests\HWTests.csproj", "{A44A6C47-9332-4D19-8A49-A94FCBC1FD71}"
EndProject
Project("{FAE04EC0-301F-11D3-BF4B-00C04F79EFBC}") = "DataGridViewNumericUpDownElements", "DataGridViewNumericUpDownElements\DataGridViewNumericUpDownElements.csproj", "{82B50731-BE90-433F-BB6E-9B509C5F3B7C}"
EndProject
Global
	GlobalSection(SolutionConfigurationPlatforms) = preSolution
		Debug|Any CPU = Debug|Any CPU
		Release|Any CPU = Release|Any CPU
	EndGlobalSection
	GlobalSection(ProjectConfigurationPlatforms) = postSolution
		{37F35A59-8D03-4B2C-BD3F-C14195864182}.Debug|Any CPU.ActiveCfg = Debug|Any CPU
		{37F35A59-8D03-4B2C-BD3F-C14195864182}.Debug|Any CPU.Build.0 = Debug|Any CPU
		{37F35A59-8D03-4B2C-BD3F-C14195864182}.Release|Any CPU.ActiveCfg = Release|Any CPU
		{37F35A59-8D03-4B2C-BD3F-C14195864182}.Release|Any CPU.Build.0 = Release|Any CPU
		{A44A6C47-9332-4D19-8A49-A94FCBC1FD71}.Debug|Any CPU.ActiveCfg = Debug|Any CPU
		{A44A6C47-9332-4D19-8A49-A94FCBC1FD71}.Debug|Any CPU.Build.0 = Debug|Any CPU
		{A44A6C47-9332-4D19-8A49-A94FCBC1FD71}.Release|Any CPU.ActiveCfg = Release|Any CPU
		{A44A6C47-9332-4D19-8A49-A94FCBC1FD71}.Release|Any CPU.Build.0 = Release|Any CPU
		{82B50731-BE90-433F-BB6E-9B509C5F3B7C}.Debug|Any CPU.ActiveCfg = Debug|Any CPU
		{82B50731-BE90-433F-BB6E-9B509C5F3B7C}.Debug|Any CPU.Build.0 = Debug|Any CPU
		{82B50731-BE90-433F-BB6E-9B509C5F3B7C}.Release|Any CPU.ActiveCfg = Release|Any CPU
		{82B50731-BE90-433F-BB6E-9B509C5F3B7C}.Release|Any CPU.Build.0 = Release|Any CPU
	EndGlobalSection
	GlobalSection(SolutionProperties) = preSolution
		HideSolutionNode = FALSE
	EndGlobalSection
	GlobalSection(ExtensibilityGlobals) = postSolution
		SolutionGuid = {8375D72C-A40F-472E-8401-72B4A8FC5522}
	EndGlobalSection
EndGlobal
